{
  "name": "tamarindo-store",
  "requires": true,
  "lockfileVersion": 1,
  "dependencies": {
    "popper.js": {
      "version": "1.12.6",
      "resolved": "https://registry.npmjs.org/popper.js/-/popper.js-1.12.6.tgz",
      "integrity": "sha512-wZlMkIJM1hFcM9F7nSrRCbKKfkH0kk/GrCoj3EUoKU8kx9xPtvnOZNHKsQOM12+xqbYv2HeBWI8Y8pxb6vmnRQ=="
    },
    "tooltip.js": {
      "version": "1.1.6",
      "resolved": "https://registry.npmjs.org/tooltip.js/-/tooltip.js-1.1.6.tgz",
      "integrity": "sha512-w36XWn0bQLGDhrLN89P94xWInP8dAVjcR2PnYcKy13Tim0qhLUI9QGFMM8tgq5TH+Aeyq0pIXGPh2tptStTmLA==",
      "requires": {
        "popper.js": "1.12.6"
      }
    }
  }
}
