# THIS IS AN AUTOGENERATED FILE. DO NOT EDIT THIS FILE DIRECTLY.
# yarn lockfile v1


jquery@>=1.7.0:
  version "3.2.1"
  resolved "https://registry.yarnpkg.com/jquery/-/jquery-3.2.1.tgz#5c4d9de652af6cd0a770154a631bba12b015c787"

magnify@^2.1.0:
  version "2.1.0"
  resolved "https://registry.yarnpkg.com/magnify/-/magnify-2.1.0.tgz#2477dd35cdd76dc2eeb8bac3c8a257b560392ee5"
  dependencies:
    jquery ">=1.7.0"

popper.js@^1.0.2, popper.js@^1.12.6:
  version "1.12.6"
  resolved "https://registry.yarnpkg.com/popper.js/-/popper.js-1.12.6.tgz#91e12a97b07815258b76915d64044e8ac053d426"

tooltip.js@^1.1.6:
  version "1.1.6"
  resolved "https://registry.yarnpkg.com/tooltip.js/-/tooltip.js-1.1.6.tgz#6ff8b0041ab1d150f0d556616f40a5a4e7f5e936"
  dependencies:
    popper.js "^1.0.2"
